{
  "name": "template-generator",
  "version": "1.0.0",
  "lockfileVersion": 2,
  "requires": true,
  "packages": {
    "": {
      "name": "template-generator",
      "version": "1.0.0",
      "license": "MIT",
      "dependencies": {
        "template-generator": "./"
      },
      "bin": {
        "generate-template": "bin/index.js"
      }
    },
    "node_modules/template-generator": {
      "resolved": "",
      "link": true
    }
  },
  "dependencies": {
    "template-generator": {
      "version": "file:",
      "requires": {
        "template-generator": "./"
      }
    }
  }
}
